
Microsoft Visual Studio Solution File, Format Version 12.00
# Visual Studio Version 17
VisualStudioVersion = 17.7.34221.43
MinimumVisualStudioVersion = 10.0.40219.1
Project("{FAE04EC0-301F-11D3-BF4B-00C04F79EFBC}") = "tafemobileapp", "tafemobileapp\tafemobileapp.csproj", "{65CA234E-385E-4131-BD3D-82D984F2224F}"
EndProject
Global
	GlobalSection(SolutionConfigurationPlatforms) = preSolution
		Debug|Any CPU = Debug|Any CPU
		Release|Any CPU = Release|Any CPU
	EndGlobalSection
	GlobalSection(ProjectConfigurationPlatforms) = postSolution
		{65CA234E-385E-4131-BD3D-82D984F2224F}.Debug|Any CPU.ActiveCfg = Debug|Any CPU
		{65CA234E-385E-4131-BD3D-82D984F2224F}.Debug|Any CPU.Build.0 = Debug|Any CPU
		{65CA234E-385E-4131-BD3D-82D984F2224F}.Release|Any CPU.ActiveCfg = Release|Any CPU
		{65CA234E-385E-4131-BD3D-82D984F2224F}.Release|Any CPU.Build.0 = Release|Any CPU
	EndGlobalSection
	GlobalSection(SolutionProperties) = preSolution
		HideSolutionNode = FALSE
	EndGlobalSection
	GlobalSection(ExtensibilityGlobals) = postSolution
		SolutionGuid = {9227E121-6859-4DBD-9E96-5EAFD89CEECB}
	EndGlobalSection
EndGlobal
